
Microsoft Visual Studio Solution File, Format Version 12.00
# Visual Studio Version 17
VisualStudioVersion = 17.4.33213.308
MinimumVisualStudioVersion = 10.0.40219.1
Project("{2150E333-8FDC-42A3-9474-1A3956D46DE8}") = "src", "src", "{D0BCFF91-ECBD-4EE6-A4E3-3846C39CEBA8}"
EndProject
Project("{2150E333-8FDC-42A3-9474-1A3956D46DE8}") = "tests", "tests", "{9B4A827D-0BE1-4D75-9D1E-78C0F38D4D88}"
EndProject
Project("{9A19103F-16F7-4668-BE54-9A1E7A4F7556}") = "Api.ChatGPT", "src\Api.ChatGPT\Api.ChatGPT.csproj", "{ADE3153F-60B9-47FC-9DC8-6176DCC62D06}"
EndProject
Project("{9A19103F-16F7-4668-BE54-9A1E7A4F7556}") = "Core", "src\Core\Core.csproj", "{438E39F6-1686-4B21-82CF-C5161CA5BD27}"
EndProject
Project("{9A19103F-16F7-4668-BE54-9A1E7A4F7556}") = "Infrastructure", "src\Infrastructure\Infrastructure.csproj", "{FD371908-F755-4E66-830F-825B6EFB93E1}"
EndProject
Global
	GlobalSection(SolutionConfigurationPlatforms) = preSolution
		Debug|Any CPU = Debug|Any CPU
		Release|Any CPU = Release|Any CPU
	EndGlobalSection
	GlobalSection(ProjectConfigurationPlatforms) = postSolution
		{ADE3153F-60B9-47FC-9DC8-6176DCC62D06}.Debug|Any CPU.ActiveCfg = Debug|Any CPU
		{ADE3153F-60B9-47FC-9DC8-6176DCC62D06}.Debug|Any CPU.Build.0 = Debug|Any CPU
		{ADE3153F-60B9-47FC-9DC8-6176DCC62D06}.Release|Any CPU.ActiveCfg = Release|Any CPU
		{ADE3153F-60B9-47FC-9DC8-6176DCC62D06}.Release|Any CPU.Build.0 = Release|Any CPU
		{438E39F6-1686-4B21-82CF-C5161CA5BD27}.Debug|Any CPU.ActiveCfg = Debug|Any CPU
		{438E39F6-1686-4B21-82CF-C5161CA5BD27}.Debug|Any CPU.Build.0 = Debug|Any CPU
		{438E39F6-1686-4B21-82CF-C5161CA5BD27}.Release|Any CPU.ActiveCfg = Release|Any CPU
		{438E39F6-1686-4B21-82CF-C5161CA5BD27}.Release|Any CPU.Build.0 = Release|Any CPU
		{FD371908-F755-4E66-830F-825B6EFB93E1}.Debug|Any CPU.ActiveCfg = Debug|Any CPU
		{FD371908-F755-4E66-830F-825B6EFB93E1}.Debug|Any CPU.Build.0 = Debug|Any CPU
		{FD371908-F755-4E66-830F-825B6EFB93E1}.Release|Any CPU.ActiveCfg = Release|Any CPU
		{FD371908-F755-4E66-830F-825B6EFB93E1}.Release|Any CPU.Build.0 = Release|Any CPU
	EndGlobalSection
	GlobalSection(SolutionProperties) = preSolution
		HideSolutionNode = FALSE
	EndGlobalSection
	GlobalSection(NestedProjects) = preSolution
		{ADE3153F-60B9-47FC-9DC8-6176DCC62D06} = {D0BCFF91-ECBD-4EE6-A4E3-3846C39CEBA8}
		{438E39F6-1686-4B21-82CF-C5161CA5BD27} = {D0BCFF91-ECBD-4EE6-A4E3-3846C39CEBA8}
		{FD371908-F755-4E66-830F-825B6EFB93E1} = {D0BCFF91-ECBD-4EE6-A4E3-3846C39CEBA8}
	EndGlobalSection
	GlobalSection(ExtensibilityGlobals) = postSolution
		SolutionGuid = {61C48212-0F8C-4B33-867F-F9084DFD9C69}
	EndGlobalSection
EndGlobal
